
Microsoft Visual Studio Solution File, Format Version 12.00
Project("{FAE04EC0-301F-11D3-BF4B-00C04F79EFBC}") = "DesignPatterns", "DesignPatterns\DesignPatterns.csproj", "{D91481DC-F886-452F-84FE-EBCBABF3808E}"
EndProject
Project("{FAE04EC0-301F-11D3-BF4B-00C04F79EFBC}") = "DesignPatterns.Usages", "DesignPatterns.Usages\DesignPatterns.Usages.csproj", "{B3A0E764-6B96-46A1-A50D-8B7CCB1FEAA3}"
EndProject
Global
	GlobalSection(SolutionConfigurationPlatforms) = preSolution
		Debug|Any CPU = Debug|Any CPU
		Release|Any CPU = Release|Any CPU
	EndGlobalSection
	GlobalSection(ProjectConfigurationPlatforms) = postSolution
		{D91481DC-F886-452F-84FE-EBCBABF3808E}.Debug|Any CPU.ActiveCfg = Debug|Any CPU
		{D91481DC-F886-452F-84FE-EBCBABF3808E}.Debug|Any CPU.Build.0 = Debug|Any CPU
		{D91481DC-F886-452F-84FE-EBCBABF3808E}.Release|Any CPU.ActiveCfg = Release|Any CPU
		{D91481DC-F886-452F-84FE-EBCBABF3808E}.Release|Any CPU.Build.0 = Release|Any CPU
		{B3A0E764-6B96-46A1-A50D-8B7CCB1FEAA3}.Debug|Any CPU.ActiveCfg = Debug|Any CPU
		{B3A0E764-6B96-46A1-A50D-8B7CCB1FEAA3}.Debug|Any CPU.Build.0 = Debug|Any CPU
		{B3A0E764-6B96-46A1-A50D-8B7CCB1FEAA3}.Release|Any CPU.ActiveCfg = Release|Any CPU
		{B3A0E764-6B96-46A1-A50D-8B7CCB1FEAA3}.Release|Any CPU.Build.0 = Release|Any CPU
	EndGlobalSection
EndGlobal
